// !$*UTF8*$!
{
	archiveVersion = 1;
	classes = {
	};
	objectVersion = 46;
	objects = {

/* Begin PBXBuildFile section */
		018A36651C9DB84600C772B8 /* AppDelegate.swift in Sources */ = {isa = PBXBuildFile; fileRef = 018A36641C9DB84600C772B8 /* AppDelegate.swift */; };
		018A36671C9DB84600C772B8 /* ViewController.swift in Sources */ = {isa = PBXBuildFile; fileRef = 018A36661C9DB84600C772B8 /* ViewController.swift */; };
		018A366A1C9DB84600C772B8 /* Main.storyboard in Resources */ = {isa = PBXBuildFile; fileRef = 018A36681C9DB84600C772B8 /* Main.storyboard */; };
		018A366C1C9DB84600C772B8 /* Assets.xcassets in Resources */ = {isa = PBXBuildFile; fileRef = 018A366B1C9DB84600C772B8 /* Assets.xcassets */; };
		018A366F1C9DB84600C772B8 /* LaunchScreen.storyboard in Resources */ = {isa = PBXBuildFile; fileRef = 018A366D1C9DB84600C772B8 /* LaunchScreen.storyboard */; };
/* End PBXBuildFile section */

/* Begin PBXFileReference section */
		018A36611C9DB84600C772B8 /* HandyBookItem.app */ = {isa = PBXFileReference; explicitFileType = wrapper.application; includeInIndex = 0; path = HandyBookItem.app; sourceTree = BUILT_PRODUCTS_DIR; };
		018A36641C9DB84600C772B8 /* AppDelegate.swift */ = {isa = PBXFileReference; lastKnownFileType = sourcecode.swift; path = AppDelegate.swift; sourceTree = "<group>"; };
		018A36661C9DB84600C772B8 /* ViewController.swift */ = {isa = PBXFileReference; lastKnownFileType = sourcecode.swift; path = ViewController.swift; sourceTree = "<group>"; };
		018A36691C9DB84600C772B8 /* Base */ = {isa = PBXFileReference; lastKnownFileType = file.storyboard; name = Base; path = Base.lproj/Main.storyboard; sourceTree = "<group>"; };
		018A366B1C9DB84600C772B8 /* Assets.xcassets */ = {isa = PBXFileReference; lastKnownFileType = folder.assetcatalog; path = Assets.xcassets; sourceTree = "<group>"; };
		018A366E1C9DB84600C772B8 /* Base */ = {isa = PBXFileReference; lastKnownFileType = file.storyboard; name = Base; path = Base.lproj/LaunchScreen.storyboard; sourceTree = "<group>"; };
		018A36701C9DB84600C772B8 /* Info.plist */ = {isa = PBXFileReference; lastKnownFileType = text.plist.xml; path = Info.plist; sourceTree = "<group>"; };
/* End PBXFileReference section */

/* Begin PBXFrameworksBuildPhase section */
		018A365E1C9DB84600C772B8 /* Frameworks */ = {
			isa = PBXFrameworksBuildPhase;
			buildActionMask = 2147483647;
			files = (
			);
			runOnlyForDeploymentPostprocessing = 0;
		};
/* End PBXFrameworksBuildPhase section */

/* Begin PBXGroup section */
		018A36581C9DB84600C772B8 = {
			isa = PBXGroup;
			children = (
				018A36631C9DB84600C772B8 /* HandyBookItem */,
				018A36621C9DB84600C772B8 /* Products */,
			);
			sourceTree = "<group>";
		};
		018A36621C9DB84600C772B8 /* Products */ = {
			isa = PBXGroup;
			children = (
				018A36611C9DB84600C772B8 /* HandyBookItem.app */,
			);
			name = Products;
			sourceTree = "<group>";
		};
		018A36631C9DB84600C772B8 /* HandyBookItem */ = {
			isa = PBXGroup;
			children = (
				018A36641C9DB84600C772B8 /* AppDelegate.swift */,
				018A36661C9DB84600C772B8 /* ViewController.swift */,
				018A36681C9DB84600C772B8 /* Main.storyboard */,
				018A366B1C9DB84600C772B8 /* Assets.xcassets */,
				018A366D1C9DB84600C772B8 /* LaunchScreen.storyboard */,
				018A36701C9DB84600C772B8 /* Info.plist */,
			);
			path = HandyBookItem;
			sourceTree = "<group>";
		};
/* End PBXGroup section */

/* Begin PBXNativeTarget section */
		018A36601C9DB84600C772B8 /* HandyBookItem */ = {
			isa = PBXNativeTarget;
			buildConfigurationList = 018A36731C9DB84600C772B8 /* Build configuration list for PBXNativeTarget "HandyBookItem" */;
			buildPhases = (
				018A365D1C9DB84600C772B8 /* Sources */,
				018A365E1C9DB84600C772B8 /* Frameworks */,
				018A365F1C9DB84600C772B8 /* Resources */,
			);
			buildRules = (
			);
			dependencies = (
			);
			name = HandyBookItem;
			productName = HandyBookItem;
			productReference = 018A36611C9DB84600C772B8 /* HandyBookItem.app */;
			productType = "com.apple.product-type.application";
		};
/* End PBXNativeTarget section */

/* Begin PBXProject section */
		018A36591C9DB84600C772B8 /* Project object */ = {
			isa = PBXProject;
			attributes = {
				LastSwiftUpdateCheck = 0720;
				LastUpgradeCheck = 0720;
				ORGANIZATIONNAME = cggong;
				TargetAttributes = {
					018A36601C9DB84600C772B8 = {
						CreatedOnToolsVersion = 7.2.1;
					};
				};
			};
			buildConfigurationList = 018A365C1C9DB84600C772B8 /* Build configuration list for PBXProject "HandyBookItem" */;
			compatibilityVersion = "Xcode 3.2";
			developmentRegion = English;
			hasScannedForEncodings = 0;
			knownRegions = (
				en,
				Base,
			);
			mainGroup = 018A36581C9DB84600C772B8;
			productRefGroup = 018A36621C9DB84600C772B8 /* Products */;
			projectDirPath = "";
			projectRoot = "";
			targets = (
				018A36601C9DB84600C772B8 /* HandyBookItem */,
			);
		};
/* End PBXProject section */

/* Begin PBXResourcesBuildPhase section */
		018A365F1C9DB84600C772B8 /* Resources */ = {
			isa = PBXResourcesBuildPhase;
			buildActionMask = 2147483647;
			files = (
				018A366F1C9DB84600C772B8 /* LaunchScreen.storyboard in Resources */,
				018A366C1C9DB84600C772B8 /* Assets.xcassets in Resources */,
				018A366A1C9DB84600C772B8 /* Main.storyboard in Resources */,
			);
			runOnlyForDeploymentPostprocessing = 0;
		};
/* End PBXResourcesBuildPhase section */

/* Begin PBXSourcesBuildPhase section */
		018A365D1C9DB84600C772B8 /* Sources */ = {
			isa = PBXSourcesBuildPhase;
			buildActionMask = 2147483647;
			files = (
				018A36671C9DB84600C772B8 /* ViewController.swift in Sources */,
				018A36651C9DB84600C772B8 /* AppDelegate.swift in Sources */,
			);
			runOnlyForDeploymentPostprocessing = 0;
		};
/* End PBXSourcesBuildPhase section */

/* Begin PBXVariantGroup section */
		018A36681C9DB84600C772B8 /* Main.storyboard */ = {
			isa = PBXVariantGroup;
			children = (
				018A36691C9DB84600C772B8 /* Base */,
			);
			name = Main.storyboard;
			sourceTree = "<group>";
		};
		018A366D1C9DB84600C772B8 /* LaunchScreen.storyboard */ = {
			isa = PBXVariantGroup;
			children = (
				018A366E1C9DB84600C772B8 /* Base */,
			);
			name = LaunchScreen.storyboard;
			sourceTree = "<group>";
		};
/* End PBXVariantGroup section */

/* Begin XCBuildConfiguration section */
		018A36711C9DB84600C772B8 /* Debug */ = {
			isa = XCBuildConfiguration;
			buildSettings = {
				ALWAYS_SEARCH_USER_PATHS = NO;
				CLANG_CXX_LANGUAGE_STANDARD = "gnu++0x";
				CLANG_CXX_LIBRARY = "libc++";
				CLANG_ENABLE_MODULES = YES;
				CLANG_ENABLE_OBJC_ARC = YES;
				CLANG_WARN_BOOL_CONVERSION = YES;
				CLANG_WARN_CONSTANT_CONVERSION = YES;
				CLANG_WARN_DIRECT_OBJC_ISA_USAGE = YES_ERROR;
				CLANG_WARN_EMPTY_BODY = YES;
				CLANG_WARN_ENUM_CONVERSION = YES;
				CLANG_WARN_INT_CONVERSION = YES;
				CLANG_WARN_OBJC_ROOT_CLASS = YES_ERROR;
				CLANG_WARN_UNREACHABLE_CODE = YES;
				CLANG_WARN__DUPLICATE_METHOD_MATCH = YES;
				"CODE_SIGN_IDENTITY[sdk=iphoneos*]" = "iPhone Developer";
				COPY_PHASE_STRIP = NO;
				DEBUG_INFORMATION_FORMAT = dwarf;
				ENABLE_STRICT_OBJC_MSGSEND = YES;
				ENABLE_TESTABILITY = YES;
				GCC_C_LANGUAGE_STANDARD = gnu99;
				GCC_DYNAMIC_NO_PIC = NO;
				GCC_NO_COMMON_BLOCKS = YES;
				GCC_OPTIMIZATION_LEVEL = 0;
				GCC_PREPROCESSOR_DEFINITIONS = (
					"DEBUG=1",
					"$(inherited)",
				);
				GCC_WARN_64_TO_32_BIT_CONVERSION = YES;
				GCC_WARN_ABOUT_RETURN_TYPE = YES_ERROR;
				GCC_WARN_UNDECLARED_SELECTOR = YES;
				GCC_WARN_UNINITIALIZED_AUTOS = YES_AGGRESSIVE;
				GCC_WARN_UNUSED_FUNCTION = YES;
				GCC_WARN_UNUSED_VARIABLE = YES;
				IPHONEOS_DEPLOYMENT_TARGET = 9.2;
				MTL_ENABLE_DEBUG_INFO = YES;
				ONLY_ACTIVE_ARCH = YES;
				SDKROOT = iphoneos;
				SWIFT_OPTIMIZATION_LEVEL = "-Onone";
				TARGETED_DEVICE_FAMILY = "1,2";
			};
			name = Debug;
		};
		018A36721C9DB84600C772B8 /* Release */ = {
			isa = XCBuildConfiguration;
			buildSettings = {
				ALWAYS_SEARCH_USER_PATHS = NO;
				CLANG_CXX_LANGUAGE_STANDARD = "gnu++0x";
				CLANG_CXX_LIBRARY = "libc++";
				CLANG_ENABLE_MODULES = YES;
				CLANG_ENABLE_OBJC_ARC = YES;
				CLANG_WARN_BOOL_CONVERSION = YES;
				CLANG_WARN_CONSTANT_CONVERSION = YES;
				CLANG_WARN_DIRECT_OBJC_ISA_USAGE = YES_ERROR;
				CLANG_WARN_EMPTY_BODY = YES;
				CLANG_WARN_ENUM_CONVERSION = YES;
				CLANG_WARN_INT_CONVERSION = YES;
				CLANG_WARN_OBJC_ROOT_CLASS = YES_ERROR;
				CLANG_WARN_UNREACHABLE_CODE = YES;
				CLANG_WARN__DUPLICATE_METHOD_MATCH = YES;
				"CODE_SIGN_IDENTITY[sdk=iphoneos*]" = "iPhone Developer";
				COPY_PHASE_STRIP = NO;
				DEBUG_INFORMATION_FORMAT = "dwarf-with-dsym";
				ENABLE_NS_ASSERTIONS = NO;
				ENABLE_STRICT_OBJC_MSGSEND = YES;
				GCC_C_LANGUAGE_STANDARD = gnu99;
				GCC_NO_COMMON_BLOCKS = YES;
				GCC_WARN_64_TO_32_BIT_CONVERSION = YES;
				GCC_WARN_ABOUT_RETURN_TYPE = YES_ERROR;
				GCC_WARN_UNDECLARED_SELECTOR = YES;
				GCC_WARN_UNINITIALIZED_AUTOS = YES_AGGRESSIVE;
				GCC_WARN_UNUSED_FUNCTION = YES;
				GCC_WARN_UNUSED_VARIABLE = YES;
				IPHONEOS_DEPLOYMENT_TARGET = 9.2;
				MTL_ENABLE_DEBUG_INFO = NO;
				SDKROOT = iphoneos;
				TARGETED_DEVICE_FAMILY = "1,2";
				VALIDATE_PRODUCT = YES;
			};
			name = Release;
		};
		018A36741C9DB84600C772B8 /* Debug */ = {
			isa = XCBuildConfiguration;
			buildSettings = {
				ASSETCATALOG_COMPILER_APPICON_NAME = AppIcon;
				INFOPLIST_FILE = HandyBookItem/Info.plist;
				LD_RUNPATH_SEARCH_PATHS = "$(inherited) @executable_path/Frameworks";
				PRODUCT_BUNDLE_IDENTIFIER = cggong.HandyBookItem;
				PRODUCT_NAME = "$(TARGET_NAME)";
			};
			name = Debug;
		};
		018A36751C9DB84600C772B8 /* Release */ = {
			isa = XCBuildConfiguration;
			buildSettings = {
				ASSETCATALOG_COMPILER_APPICON_NAME = AppIcon;
				INFOPLIST_FILE = HandyBookItem/Info.plist;
				LD_RUNPATH_SEARCH_PATHS = "$(inherited) @executable_path/Frameworks";
				PRODUCT_BUNDLE_IDENTIFIER = cggong.HandyBookItem;
				PRODUCT_NAME = "$(TARGET_NAME)";
			};
			name = Release;
		};
/* End XCBuildConfiguration section */

/* Begin XCConfigurationList section */
		018A365C1C9DB84600C772B8 /* Build configuration list for PBXProject "HandyBookItem" */ = {
			isa = XCConfigurationList;
			buildConfigurations = (
				018A36711C9DB84600C772B8 /* Debug */,
				018A36721C9DB84600C772B8 /* Release */,
			);
			defaultConfigurationIsVisible = 0;
			defaultConfigurationName = Release;
		};
		018A36731C9DB84600C772B8 /* Build configuration list for PBXNativeTarget "HandyBookItem" */ = {
			isa = XCConfigurationList;
			buildConfigurations = (
				018A36741C9DB84600C772B8 /* Debug */,
				018A36751C9DB84600C772B8 /* Release */,
			);
			defaultConfigurationIsVisible = 0;
		};
/* End XCConfigurationList section */
	};
	rootObject = 018A36591C9DB84600C772B8 /* Project object */;
}
